// !$*UTF8*$!
{
	archiveVersion = 1;
	classes = {
	};
	objectVersion = 46;
	objects = {

/* Begin PBXBuildFile section */
		3085E1E0240982A20043B2A4 /* darksky.json in Resources */ = {isa = PBXBuildFile; fileRef = 3085E1DF240982A20043B2A4 /* darksky.json */; };
		3085E1E2240982D70043B2A4 /* XCTestCase.swift in Sources */ = {isa = PBXBuildFile; fileRef = 3085E1E1240982D70043B2A4 /* XCTestCase.swift */; };
		3085E1E624098DAA0043B2A4 /* DayViewViewModelTests.swift in Sources */ = {isa = PBXBuildFile; fileRef = 3085E1E524098DAA0043B2A4 /* DayViewViewModelTests.swift */; };
		3085E1E824099E3F0043B2A4 /* WeekViewViewModelTests.swift in Sources */ = {isa = PBXBuildFile; fileRef = 3085E1E724099E3F0043B2A4 /* WeekViewViewModelTests.swift */; };
		3085E1EA2409A0450043B2A4 /* WeatherDayViewViewModelTests.swift in Sources */ = {isa = PBXBuildFile; fileRef = 3085E1E92409A0450043B2A4 /* WeatherDayViewViewModelTests.swift */; };
		30B1C5A124029FCD009A3D6B /* DayViewViewModel.swift in Sources */ = {isa = PBXBuildFile; fileRef = 30B1C5A024029FCD009A3D6B /* DayViewViewModel.swift */; };
		30B1C5A32402A448009A3D6B /* UIImage+imageForIcon.swift in Sources */ = {isa = PBXBuildFile; fileRef = 30B1C5A22402A448009A3D6B /* UIImage+imageForIcon.swift */; };
		30B1C5A52402B687009A3D6B /* WeekViewViewModel.swift in Sources */ = {isa = PBXBuildFile; fileRef = 30B1C5A42402B687009A3D6B /* WeekViewViewModel.swift */; };
		30B1C5A82403C703009A3D6B /* SettingsViewTimeViewModel.swift in Sources */ = {isa = PBXBuildFile; fileRef = 30B1C5A72403C703009A3D6B /* SettingsViewTimeViewModel.swift */; };
		30B1C5AA2403CEBD009A3D6B /* SettingsViewUnitsViewModel.swift in Sources */ = {isa = PBXBuildFile; fileRef = 30B1C5A92403CEBD009A3D6B /* SettingsViewUnitsViewModel.swift */; };
		30B1C5AC2403D014009A3D6B /* SettingsViewTemperatureViewModel.swift in Sources */ = {isa = PBXBuildFile; fileRef = 30B1C5AB2403D014009A3D6B /* SettingsViewTemperatureViewModel.swift */; };
		30B1C5AF2403D557009A3D6B /* SettingsRepresentable.swift in Sources */ = {isa = PBXBuildFile; fileRef = 30B1C5AE2403D557009A3D6B /* SettingsRepresentable.swift */; };
		30B1C5B12403E771009A3D6B /* WeatherDayViewViewModel.swift in Sources */ = {isa = PBXBuildFile; fileRef = 30B1C5B02403E771009A3D6B /* WeatherDayViewViewModel.swift */; };
		30B1C5B42403FEC1009A3D6B /* WeatherDayRepresentable.swift in Sources */ = {isa = PBXBuildFile; fileRef = 30B1C5B32403FEC1009A3D6B /* WeatherDayRepresentable.swift */; };
		30B1C5C924040315009A3D6B /* SettingsViewTimeViewModelTests.swift in Sources */ = {isa = PBXBuildFile; fileRef = 30B1C5C824040315009A3D6B /* SettingsViewTimeViewModelTests.swift */; };
		30B1C5CB24040778009A3D6B /* SettingsViewUnitsViewModelTests.swift in Sources */ = {isa = PBXBuildFile; fileRef = 30B1C5CA24040778009A3D6B /* SettingsViewUnitsViewModelTests.swift */; };
		30B1C5CD2404094C009A3D6B /* SettingsViewTemperatureViewModelTests.swift in Sources */ = {isa = PBXBuildFile; fileRef = 30B1C5CC2404094C009A3D6B /* SettingsViewTemperatureViewModelTests.swift */; };
		CC08B9DB1DA206EE00754A85 /* SettingsViewController.swift in Sources */ = {isa = PBXBuildFile; fileRef = CC08B9DA1DA206EE00754A85 /* SettingsViewController.swift */; };
		CC08B9DE1DA20DB400754A85 /* SettingsTableViewCell.swift in Sources */ = {isa = PBXBuildFile; fileRef = CC08B9DD1DA20DB400754A85 /* SettingsTableViewCell.swift */; };
		CC08B9E11DA2169400754A85 /* UserDefaults.swift in Sources */ = {isa = PBXBuildFile; fileRef = CC08B9E01DA2169400754A85 /* UserDefaults.swift */; };
		CC08B9E31DA2208800754A85 /* Conversions.swift in Sources */ = {isa = PBXBuildFile; fileRef = CC08B9E21DA2208800754A85 /* Conversions.swift */; };
		CC63745E1DA0F557002E68DC /* WeatherDayTableViewCell.swift in Sources */ = {isa = PBXBuildFile; fileRef = CC63745D1DA0F557002E68DC /* WeatherDayTableViewCell.swift */; };
		CC7854CD1D9FF99700E7836D /* WeatherViewController.swift in Sources */ = {isa = PBXBuildFile; fileRef = CC7854CC1D9FF99700E7836D /* WeatherViewController.swift */; };
		CC83E0D51F13BF3B00EB0CAC /* LocationsViewController.swift in Sources */ = {isa = PBXBuildFile; fileRef = CC83E0D41F13BF3B00EB0CAC /* LocationsViewController.swift */; };
		CC83E0D81F13BF8000EB0CAC /* LocationRepresentable.swift in Sources */ = {isa = PBXBuildFile; fileRef = CC83E0D71F13BF8000EB0CAC /* LocationRepresentable.swift */; };
		CC83E0DB1F13BFAB00EB0CAC /* LocationsViewLocationViewModel.swift in Sources */ = {isa = PBXBuildFile; fileRef = CC83E0DA1F13BFAB00EB0CAC /* LocationsViewLocationViewModel.swift */; };
		CC83E0DE1F13BFD300EB0CAC /* LocationTableViewCell.swift in Sources */ = {isa = PBXBuildFile; fileRef = CC83E0DD1F13BFD300EB0CAC /* LocationTableViewCell.swift */; };
		CC83E0E11F13C01300EB0CAC /* AddLocationViewController.swift in Sources */ = {isa = PBXBuildFile; fileRef = CC83E0E01F13C01300EB0CAC /* AddLocationViewController.swift */; };
		CC83E0E31F13C07800EB0CAC /* Location.swift in Sources */ = {isa = PBXBuildFile; fileRef = CC83E0E21F13C07800EB0CAC /* Location.swift */; };
		CC89B4381D9FE3D0006BFD6E /* AppDelegate.swift in Sources */ = {isa = PBXBuildFile; fileRef = CC89B42D1D9FE3D0006BFD6E /* AppDelegate.swift */; };
		CC89B4391D9FE3D0006BFD6E /* RootViewController.swift in Sources */ = {isa = PBXBuildFile; fileRef = CC89B4301D9FE3D0006BFD6E /* RootViewController.swift */; };
		CC89B43B1D9FE3D0006BFD6E /* Assets.xcassets in Resources */ = {isa = PBXBuildFile; fileRef = CC89B4341D9FE3D0006BFD6E /* Assets.xcassets */; };
		CC89B43C1D9FE3D0006BFD6E /* LaunchScreen.storyboard in Resources */ = {isa = PBXBuildFile; fileRef = CC89B4361D9FE3D0006BFD6E /* LaunchScreen.storyboard */; };
		CC89B43D1D9FE3D0006BFD6E /* Main.storyboard in Resources */ = {isa = PBXBuildFile; fileRef = CC89B4371D9FE3D0006BFD6E /* Main.storyboard */; };
		CC89B4401D9FE5BC006BFD6E /* DayViewController.swift in Sources */ = {isa = PBXBuildFile; fileRef = CC89B43F1D9FE5BC006BFD6E /* DayViewController.swift */; };
		CC89B4421D9FE5C6006BFD6E /* WeekViewController.swift in Sources */ = {isa = PBXBuildFile; fileRef = CC89B4411D9FE5C6006BFD6E /* WeekViewController.swift */; };
		CC89B4451D9FE897006BFD6E /* DataManager.swift in Sources */ = {isa = PBXBuildFile; fileRef = CC89B4441D9FE897006BFD6E /* DataManager.swift */; };
		CC89B4481D9FE8D3006BFD6E /* Configuration.swift in Sources */ = {isa = PBXBuildFile; fileRef = CC89B4471D9FE8D3006BFD6E /* Configuration.swift */; };
		CC89B44C1D9FEB73006BFD6E /* JSONDecodable.swift in Sources */ = {isa = PBXBuildFile; fileRef = CC89B44B1D9FEB73006BFD6E /* JSONDecodable.swift */; };
		CC89B4501D9FEC2E006BFD6E /* WeatherData.swift in Sources */ = {isa = PBXBuildFile; fileRef = CC89B44F1D9FEC2E006BFD6E /* WeatherData.swift */; };
		CC89B4521D9FECBE006BFD6E /* WeatherDayData.swift in Sources */ = {isa = PBXBuildFile; fileRef = CC89B4511D9FECBE006BFD6E /* WeatherDayData.swift */; };
/* End PBXBuildFile section */

/* Begin PBXContainerItemProxy section */
		30B1C5BE24040105009A3D6B /* PBXContainerItemProxy */ = {
			isa = PBXContainerItemProxy;
			containerPortal = CC89B40F1D9FE314006BFD6E /* Project object */;
			proxyType = 1;
			remoteGlobalIDString = CC89B4161D9FE314006BFD6E;
			remoteInfo = Cloudy;
		};
/* End PBXContainerItemProxy section */

/* Begin PBXFileReference section */
		3085E1DF240982A20043B2A4 /* darksky.json */ = {isa = PBXFileReference; fileEncoding = 4; lastKnownFileType = text.json; path = darksky.json; sourceTree = "<group>"; };
		3085E1E1240982D70043B2A4 /* XCTestCase.swift */ = {isa = PBXFileReference; lastKnownFileType = sourcecode.swift; path = XCTestCase.swift; sourceTree = "<group>"; };
		3085E1E524098DAA0043B2A4 /* DayViewViewModelTests.swift */ = {isa = PBXFileReference; lastKnownFileType = sourcecode.swift; path = DayViewViewModelTests.swift; sourceTree = "<group>"; };
		3085E1E724099E3F0043B2A4 /* WeekViewViewModelTests.swift */ = {isa = PBXFileReference; lastKnownFileType = sourcecode.swift; path = WeekViewViewModelTests.swift; sourceTree = "<group>"; };
		3085E1E92409A0450043B2A4 /* WeatherDayViewViewModelTests.swift */ = {isa = PBXFileReference; lastKnownFileType = sourcecode.swift; path = WeatherDayViewViewModelTests.swift; sourceTree = "<group>"; };
		30B1C5A024029FCD009A3D6B /* DayViewViewModel.swift */ = {isa = PBXFileReference; lastKnownFileType = sourcecode.swift; path = DayViewViewModel.swift; sourceTree = "<group>"; };
		30B1C5A22402A448009A3D6B /* UIImage+imageForIcon.swift */ = {isa = PBXFileReference; lastKnownFileType = sourcecode.swift; path = "UIImage+imageForIcon.swift"; sourceTree = "<group>"; };
		30B1C5A42402B687009A3D6B /* WeekViewViewModel.swift */ = {isa = PBXFileReference; lastKnownFileType = sourcecode.swift; path = WeekViewViewModel.swift; sourceTree = "<group>"; };
		30B1C5A72403C703009A3D6B /* SettingsViewTimeViewModel.swift */ = {isa = PBXFileReference; lastKnownFileType = sourcecode.swift; path = SettingsViewTimeViewModel.swift; sourceTree = "<group>"; };
		30B1C5A92403CEBD009A3D6B /* SettingsViewUnitsViewModel.swift */ = {isa = PBXFileReference; lastKnownFileType = sourcecode.swift; path = SettingsViewUnitsViewModel.swift; sourceTree = "<group>"; };
		30B1C5AB2403D014009A3D6B /* SettingsViewTemperatureViewModel.swift */ = {isa = PBXFileReference; lastKnownFileType = sourcecode.swift; path = SettingsViewTemperatureViewModel.swift; sourceTree = "<group>"; };
		30B1C5AE2403D557009A3D6B /* SettingsRepresentable.swift */ = {isa = PBXFileReference; lastKnownFileType = sourcecode.swift; path = SettingsRepresentable.swift; sourceTree = "<group>"; };
		30B1C5B02403E771009A3D6B /* WeatherDayViewViewModel.swift */ = {isa = PBXFileReference; lastKnownFileType = sourcecode.swift; path = WeatherDayViewViewModel.swift; sourceTree = "<group>"; };
		30B1C5B32403FEC1009A3D6B /* WeatherDayRepresentable.swift */ = {isa = PBXFileReference; lastKnownFileType = sourcecode.swift; path = WeatherDayRepresentable.swift; sourceTree = "<group>"; };
		30B1C5B924040105009A3D6B /* CloudyTests.xctest */ = {isa = PBXFileReference; explicitFileType = wrapper.cfbundle; includeInIndex = 0; path = CloudyTests.xctest; sourceTree = BUILT_PRODUCTS_DIR; };
		30B1C5BD24040105009A3D6B /* Info.plist */ = {isa = PBXFileReference; lastKnownFileType = text.plist.xml; path = Info.plist; sourceTree = "<group>"; };
		30B1C5C824040315009A3D6B /* SettingsViewTimeViewModelTests.swift */ = {isa = PBXFileReference; lastKnownFileType = sourcecode.swift; path = SettingsViewTimeViewModelTests.swift; sourceTree = "<group>"; };
		30B1C5CA24040778009A3D6B /* SettingsViewUnitsViewModelTests.swift */ = {isa = PBXFileReference; lastKnownFileType = sourcecode.swift; path = SettingsViewUnitsViewModelTests.swift; sourceTree = "<group>"; };
		30B1C5CC2404094C009A3D6B /* SettingsViewTemperatureViewModelTests.swift */ = {isa = PBXFileReference; lastKnownFileType = sourcecode.swift; path = SettingsViewTemperatureViewModelTests.swift; sourceTree = "<group>"; };
		CC08B9DA1DA206EE00754A85 /* SettingsViewController.swift */ = {isa = PBXFileReference; fileEncoding = 4; lastKnownFileType = sourcecode.swift; path = SettingsViewController.swift; sourceTree = "<group>"; };
		CC08B9DD1DA20DB400754A85 /* SettingsTableViewCell.swift */ = {isa = PBXFileReference; fileEncoding = 4; lastKnownFileType = sourcecode.swift; path = SettingsTableViewCell.swift; sourceTree = "<group>"; };
		CC08B9E01DA2169400754A85 /* UserDefaults.swift */ = {isa = PBXFileReference; fileEncoding = 4; lastKnownFileType = sourcecode.swift; path = UserDefaults.swift; sourceTree = "<group>"; };
		CC08B9E21DA2208800754A85 /* Conversions.swift */ = {isa = PBXFileReference; fileEncoding = 4; lastKnownFileType = sourcecode.swift; path = Conversions.swift; sourceTree = "<group>"; };
		CC63745D1DA0F557002E68DC /* WeatherDayTableViewCell.swift */ = {isa = PBXFileReference; fileEncoding = 4; lastKnownFileType = sourcecode.swift; path = WeatherDayTableViewCell.swift; sourceTree = "<group>"; };
		CC7854CC1D9FF99700E7836D /* WeatherViewController.swift */ = {isa = PBXFileReference; fileEncoding = 4; lastKnownFileType = sourcecode.swift; path = WeatherViewController.swift; sourceTree = "<group>"; };
		CC83E0D41F13BF3B00EB0CAC /* LocationsViewController.swift */ = {isa = PBXFileReference; lastKnownFileType = sourcecode.swift; path = LocationsViewController.swift; sourceTree = "<group>"; };
		CC83E0D71F13BF8000EB0CAC /* LocationRepresentable.swift */ = {isa = PBXFileReference; lastKnownFileType = sourcecode.swift; path = LocationRepresentable.swift; sourceTree = "<group>"; };
		CC83E0DA1F13BFAB00EB0CAC /* LocationsViewLocationViewModel.swift */ = {isa = PBXFileReference; lastKnownFileType = sourcecode.swift; path = LocationsViewLocationViewModel.swift; sourceTree = "<group>"; };
		CC83E0DD1F13BFD300EB0CAC /* LocationTableViewCell.swift */ = {isa = PBXFileReference; lastKnownFileType = sourcecode.swift; path = LocationTableViewCell.swift; sourceTree = "<group>"; };
		CC83E0E01F13C01300EB0CAC /* AddLocationViewController.swift */ = {isa = PBXFileReference; lastKnownFileType = sourcecode.swift; path = AddLocationViewController.swift; sourceTree = "<group>"; };
		CC83E0E21F13C07800EB0CAC /* Location.swift */ = {isa = PBXFileReference; lastKnownFileType = sourcecode.swift; path = Location.swift; sourceTree = "<group>"; };
		CC89B4171D9FE314006BFD6E /* Cloudy.app */ = {isa = PBXFileReference; explicitFileType = wrapper.application; includeInIndex = 0; path = Cloudy.app; sourceTree = BUILT_PRODUCTS_DIR; };
		CC89B42D1D9FE3D0006BFD6E /* AppDelegate.swift */ = {isa = PBXFileReference; fileEncoding = 4; lastKnownFileType = sourcecode.swift; path = AppDelegate.swift; sourceTree = "<group>"; };
		CC89B4301D9FE3D0006BFD6E /* RootViewController.swift */ = {isa = PBXFileReference; fileEncoding = 4; lastKnownFileType = sourcecode.swift; path = RootViewController.swift; sourceTree = "<group>"; };
		CC89B4321D9FE3D0006BFD6E /* Info.plist */ = {isa = PBXFileReference; fileEncoding = 4; lastKnownFileType = text.plist.xml; path = Info.plist; sourceTree = "<group>"; };
		CC89B4341D9FE3D0006BFD6E /* Assets.xcassets */ = {isa = PBXFileReference; lastKnownFileType = folder.assetcatalog; path = Assets.xcassets; sourceTree = "<group>"; };
		CC89B4361D9FE3D0006BFD6E /* LaunchScreen.storyboard */ = {isa = PBXFileReference; fileEncoding = 4; lastKnownFileType = file.storyboard; path = LaunchScreen.storyboard; sourceTree = "<group>"; };
		CC89B4371D9FE3D0006BFD6E /* Main.storyboard */ = {isa = PBXFileReference; fileEncoding = 4; lastKnownFileType = file.storyboard; path = Main.storyboard; sourceTree = "<group>"; };
		CC89B43F1D9FE5BC006BFD6E /* DayViewController.swift */ = {isa = PBXFileReference; fileEncoding = 4; lastKnownFileType = sourcecode.swift; path = DayViewController.swift; sourceTree = "<group>"; };
		CC89B4411D9FE5C6006BFD6E /* WeekViewController.swift */ = {isa = PBXFileReference; fileEncoding = 4; lastKnownFileType = sourcecode.swift; path = WeekViewController.swift; sourceTree = "<group>"; };
		CC89B4441D9FE897006BFD6E /* DataManager.swift */ = {isa = PBXFileReference; fileEncoding = 4; lastKnownFileType = sourcecode.swift; path = DataManager.swift; sourceTree = "<group>"; };
		CC89B4471D9FE8D3006BFD6E /* Configuration.swift */ = {isa = PBXFileReference; fileEncoding = 4; lastKnownFileType = sourcecode.swift; path = Configuration.swift; sourceTree = "<group>"; };
		CC89B44B1D9FEB73006BFD6E /* JSONDecodable.swift */ = {isa = PBXFileReference; fileEncoding = 4; lastKnownFileType = sourcecode.swift; path = JSONDecodable.swift; sourceTree = "<group>"; };
		CC89B44F1D9FEC2E006BFD6E /* WeatherData.swift */ = {isa = PBXFileReference; fileEncoding = 4; lastKnownFileType = sourcecode.swift; path = WeatherData.swift; sourceTree = "<group>"; };
		CC89B4511D9FECBE006BFD6E /* WeatherDayData.swift */ = {isa = PBXFileReference; fileEncoding = 4; lastKnownFileType = sourcecode.swift; path = WeatherDayData.swift; sourceTree = "<group>"; };
/* End PBXFileReference section */

/* Begin PBXFrameworksBuildPhase section */
		30B1C5B624040105009A3D6B /* Frameworks */ = {
			isa = PBXFrameworksBuildPhase;
			buildActionMask = 2147483647;
			files = (
			);
			runOnlyForDeploymentPostprocessing = 0;
		};
		CC89B4141D9FE314006BFD6E /* Frameworks */ = {
			isa = PBXFrameworksBuildPhase;
			buildActionMask = 2147483647;
			files = (
			);
			runOnlyForDeploymentPostprocessing = 0;
		};
/* End PBXFrameworksBuildPhase section */

/* Begin PBXGroup section */
		30B1C59F24029FAD009A3D6B /* ViewModels */ = {
			isa = PBXGroup;
			children = (
				30B1C5A024029FCD009A3D6B /* DayViewViewModel.swift */,
				30B1C5A42402B687009A3D6B /* WeekViewViewModel.swift */,
				30B1C5B02403E771009A3D6B /* WeatherDayViewViewModel.swift */,
			);
			path = ViewModels;
			sourceTree = "<group>";
		};
		30B1C5A62403C6C5009A3D6B /* ViewModels */ = {
			isa = PBXGroup;
			children = (
				30B1C5A72403C703009A3D6B /* SettingsViewTimeViewModel.swift */,
				30B1C5A92403CEBD009A3D6B /* SettingsViewUnitsViewModel.swift */,
				30B1C5AB2403D014009A3D6B /* SettingsViewTemperatureViewModel.swift */,
			);
			path = ViewModels;
			sourceTree = "<group>";
		};
		30B1C5AD2403D513009A3D6B /* Protocols */ = {
			isa = PBXGroup;
			children = (
				30B1C5AE2403D557009A3D6B /* SettingsRepresentable.swift */,
			);
			path = Protocols;
			sourceTree = "<group>";
		};
		30B1C5B22403FE9E009A3D6B /* Protocols */ = {
			isa = PBXGroup;
			children = (
				30B1C5B32403FEC1009A3D6B /* WeatherDayRepresentable.swift */,
			);
			path = Protocols;
			sourceTree = "<group>";
		};
		30B1C5BA24040105009A3D6B /* CloudyTests */ = {
			isa = PBXGroup;
			children = (
				30B1C5C524040181009A3D6B /* Extensions */,
				30B1C5C42404017B009A3D6B /* Stubs */,
				30B1C5C324040167009A3D6B /* Supporting files */,
				30B1C5C724040197009A3D6B /* Test Cases */,
			);
			path = CloudyTests;
			sourceTree = "<group>";
		};
		30B1C5C324040167009A3D6B /* Supporting files */ = {
			isa = PBXGroup;
			children = (
				30B1C5BD24040105009A3D6B /* Info.plist */,
			);
			path = "Supporting files";
			sourceTree = "<group>";
		};
		30B1C5C42404017B009A3D6B /* Stubs */ = {
			isa = PBXGroup;
			children = (
				3085E1DF240982A20043B2A4 /* darksky.json */,
			);
			path = Stubs;
			sourceTree = "<group>";
		};
		30B1C5C524040181009A3D6B /* Extensions */ = {
			isa = PBXGroup;
			children = (
				3085E1E1240982D70043B2A4 /* XCTestCase.swift */,
			);
			path = Extensions;
			sourceTree = "<group>";
		};
		30B1C5C724040197009A3D6B /* Test Cases */ = {
			isa = PBXGroup;
			children = (
				30B1C5C824040315009A3D6B /* SettingsViewTimeViewModelTests.swift */,
				30B1C5CA24040778009A3D6B /* SettingsViewUnitsViewModelTests.swift */,
				30B1C5CC2404094C009A3D6B /* SettingsViewTemperatureViewModelTests.swift */,
				3085E1E524098DAA0043B2A4 /* DayViewViewModelTests.swift */,
				3085E1E724099E3F0043B2A4 /* WeekViewViewModelTests.swift */,
				3085E1E92409A0450043B2A4 /* WeatherDayViewViewModelTests.swift */,
			);
			path = "Test Cases";
			sourceTree = "<group>";
		};
		CC08B9D91DA206C300754A85 /* SettingsViewController */ = {
			isa = PBXGroup;
			children = (
				CC08B9DA1DA206EE00754A85 /* SettingsViewController.swift */,
				30B1C5AD2403D513009A3D6B /* Protocols */,
				30B1C5A62403C6C5009A3D6B /* ViewModels */,
				CC08B9DC1DA20D8D00754A85 /* Table View Cells */,
			);
			path = SettingsViewController;
			sourceTree = "<group>";
		};
		CC08B9DC1DA20D8D00754A85 /* Table View Cells */ = {
			isa = PBXGroup;
			children = (
				CC08B9DD1DA20DB400754A85 /* SettingsTableViewCell.swift */,
			);
			path = "Table View Cells";
			sourceTree = "<group>";
		};
		CC08B9DF1DA2166B00754A85 /* Extensions */ = {
			isa = PBXGroup;
			children = (
				CC08B9E21DA2208800754A85 /* Conversions.swift */,
				CC08B9E01DA2169400754A85 /* UserDefaults.swift */,
				30B1C5A22402A448009A3D6B /* UIImage+imageForIcon.swift */,
			);
			path = Extensions;
			sourceTree = "<group>";
		};
		CC63745C1DA0F535002E68DC /* Table View Cells */ = {
			isa = PBXGroup;
			children = (
				CC63745D1DA0F557002E68DC /* WeatherDayTableViewCell.swift */,
			);
			path = "Table View Cells";
			sourceTree = "<group>";
		};
		CC83E0D31F13BF1400EB0CAC /* Locations View Controller */ = {
			isa = PBXGroup;
			children = (
				CC83E0D41F13BF3B00EB0CAC /* LocationsViewController.swift */,
				CC83E0D61F13BF6700EB0CAC /* Protocols */,
				CC83E0D91F13BF8B00EB0CAC /* View Models */,
				CC83E0DC1F13BFB900EB0CAC /* Table View Cells */,
				CC83E0DF1F13BFDF00EB0CAC /* Add Location View Controller */,
			);
			path = "Locations View Controller";
			sourceTree = "<group>";
		};
		CC83E0D61F13BF6700EB0CAC /* Protocols */ = {
			isa = PBXGroup;
			children = (
				CC83E0D71F13BF8000EB0CAC /* LocationRepresentable.swift */,
			);
			name = Protocols;
			sourceTree = "<group>";
		};
		CC83E0D91F13BF8B00EB0CAC /* View Models */ = {
			isa = PBXGroup;
			children = (
				CC83E0DA1F13BFAB00EB0CAC /* LocationsViewLocationViewModel.swift */,
			);
			path = "View Models";
			sourceTree = "<group>";
		};
		CC83E0DC1F13BFB900EB0CAC /* Table View Cells */ = {
			isa = PBXGroup;
			children = (
				CC83E0DD1F13BFD300EB0CAC /* LocationTableViewCell.swift */,
			);
			path = "Table View Cells";
			sourceTree = "<group>";
		};
		CC83E0DF1F13BFDF00EB0CAC /* Add Location View Controller */ = {
			isa = PBXGroup;
			children = (
				CC83E0E01F13C01300EB0CAC /* AddLocationViewController.swift */,
			);
			path = "Add Location View Controller";
			sourceTree = "<group>";
		};
		CC89B40E1D9FE314006BFD6E = {
			isa = PBXGroup;
			children = (
				CC89B4191D9FE314006BFD6E /* Cloudy */,
				30B1C5BA24040105009A3D6B /* CloudyTests */,
				CC89B4181D9FE314006BFD6E /* Products */,
			);
			sourceTree = "<group>";
		};
		CC89B4181D9FE314006BFD6E /* Products */ = {
			isa = PBXGroup;
			children = (
				CC89B4171D9FE314006BFD6E /* Cloudy.app */,
				30B1C5B924040105009A3D6B /* CloudyTests.xctest */,
			);
			name = Products;
			sourceTree = "<group>";
		};
		CC89B4191D9FE314006BFD6E /* Cloudy */ = {
			isa = PBXGroup;
			children = (
				CC89B42C1D9FE3D0006BFD6E /* Application Delegate */,
				CC89B42E1D9FE3D0006BFD6E /* View Controllers */,
				CC89B4461D9FE8B6006BFD6E /* Configuration */,
				CC89B4351D9FE3D0006BFD6E /* Storyboards */,
				CC08B9DF1DA2166B00754A85 /* Extensions */,
				CC89B4331D9FE3D0006BFD6E /* Resources */,
				CC89B4431D9FE877006BFD6E /* Managers */,
				CC89B4491D9FEB36006BFD6E /* Protocols */,
				CC89B44E1D9FEC04006BFD6E /* Models */,
				CC89B4311D9FE3D0006BFD6E /* Supporting Files */,
			);
			path = Cloudy;
			sourceTree = "<group>";
		};
		CC89B42C1D9FE3D0006BFD6E /* Application Delegate */ = {
			isa = PBXGroup;
			children = (
				CC89B42D1D9FE3D0006BFD6E /* AppDelegate.swift */,
			);
			path = "Application Delegate";
			sourceTree = "<group>";
		};
		CC89B42E1D9FE3D0006BFD6E /* View Controllers */ = {
			isa = PBXGroup;
			children = (
				CC89B42F1D9FE3D0006BFD6E /* Root View Controller */,
				CC08B9D91DA206C300754A85 /* SettingsViewController */,
				CC89B43E1D9FE58C006BFD6E /* Weather View Controllers */,
				CC83E0D31F13BF1400EB0CAC /* Locations View Controller */,
			);
			path = "View Controllers";
			sourceTree = "<group>";
		};
		CC89B42F1D9FE3D0006BFD6E /* Root View Controller */ = {
			isa = PBXGroup;
			children = (
				CC89B4301D9FE3D0006BFD6E /* RootViewController.swift */,
			);
			path = "Root View Controller";
			sourceTree = "<group>";
		};
		CC89B4311D9FE3D0006BFD6E /* Supporting Files */ = {
			isa = PBXGroup;
			children = (
				CC89B4321D9FE3D0006BFD6E /* Info.plist */,
			);
			path = "Supporting Files";
			sourceTree = "<group>";
		};
		CC89B4331D9FE3D0006BFD6E /* Resources */ = {
			isa = PBXGroup;
			children = (
				CC89B4341D9FE3D0006BFD6E /* Assets.xcassets */,
			);
			path = Resources;
			sourceTree = "<group>";
		};
		CC89B4351D9FE3D0006BFD6E /* Storyboards */ = {
			isa = PBXGroup;
			children = (
				CC89B4371D9FE3D0006BFD6E /* Main.storyboard */,
				CC89B4361D9FE3D0006BFD6E /* LaunchScreen.storyboard */,
			);
			path = Storyboards;
			sourceTree = "<group>";
		};
		CC89B43E1D9FE58C006BFD6E /* Weather View Controllers */ = {
			isa = PBXGroup;
			children = (
				CC89B43F1D9FE5BC006BFD6E /* DayViewController.swift */,
				CC89B4411D9FE5C6006BFD6E /* WeekViewController.swift */,
				CC7854CC1D9FF99700E7836D /* WeatherViewController.swift */,
				30B1C5B22403FE9E009A3D6B /* Protocols */,
				30B1C59F24029FAD009A3D6B /* ViewModels */,
				CC63745C1DA0F535002E68DC /* Table View Cells */,
			);
			path = "Weather View Controllers";
			sourceTree = "<group>";
		};
		CC89B4431D9FE877006BFD6E /* Managers */ = {
			isa = PBXGroup;
			children = (
				CC89B4441D9FE897006BFD6E /* DataManager.swift */,
			);
			path = Managers;
			sourceTree = "<group>";
		};
		CC89B4461D9FE8B6006BFD6E /* Configuration */ = {
			isa = PBXGroup;
			children = (
				CC89B4471D9FE8D3006BFD6E /* Configuration.swift */,
			);
			path = Configuration;
			sourceTree = "<group>";
		};
		CC89B4491D9FEB36006BFD6E /* Protocols */ = {
			isa = PBXGroup;
			children = (
				CC89B44B1D9FEB73006BFD6E /* JSONDecodable.swift */,
			);
			path = Protocols;
			sourceTree = "<group>";
		};
		CC89B44E1D9FEC04006BFD6E /* Models */ = {
			isa = PBXGroup;
			children = (
				CC83E0E21F13C07800EB0CAC /* Location.swift */,
				CC89B44F1D9FEC2E006BFD6E /* WeatherData.swift */,
				CC89B4511D9FECBE006BFD6E /* WeatherDayData.swift */,
			);
			path = Models;
			sourceTree = "<group>";
		};
/* End PBXGroup section */

/* Begin PBXNativeTarget section */
		30B1C5B824040105009A3D6B /* CloudyTests */ = {
			isa = PBXNativeTarget;
			buildConfigurationList = 30B1C5C024040105009A3D6B /* Build configuration list for PBXNativeTarget "CloudyTests" */;
			buildPhases = (
				30B1C5B524040105009A3D6B /* Sources */,
				30B1C5B624040105009A3D6B /* Frameworks */,
				30B1C5B724040105009A3D6B /* Resources */,
			);
			buildRules = (
			);
			dependencies = (
				30B1C5BF24040105009A3D6B /* PBXTargetDependency */,
			);
			name = CloudyTests;
			productName = CloudyTests;
			productReference = 30B1C5B924040105009A3D6B /* CloudyTests.xctest */;
			productType = "com.apple.product-type.bundle.unit-test";
		};
		CC89B4161D9FE314006BFD6E /* Cloudy */ = {
			isa = PBXNativeTarget;
			buildConfigurationList = CC89B4291D9FE314006BFD6E /* Build configuration list for PBXNativeTarget "Cloudy" */;
			buildPhases = (
				CC89B4131D9FE314006BFD6E /* Sources */,
				CC89B4141D9FE314006BFD6E /* Frameworks */,
				CC89B4151D9FE314006BFD6E /* Resources */,
			);
			buildRules = (
			);
			dependencies = (
			);
			name = Cloudy;
			productName = Cloudy;
			productReference = CC89B4171D9FE314006BFD6E /* Cloudy.app */;
			productType = "com.apple.product-type.application";
		};
/* End PBXNativeTarget section */

/* Begin PBXProject section */
		CC89B40F1D9FE314006BFD6E /* Project object */ = {
			isa = PBXProject;
			attributes = {
				LastSwiftUpdateCheck = 1130;
				LastUpgradeCheck = 0900;
				ORGANIZATIONNAME = Cocoacasts;
				TargetAttributes = {
					30B1C5B824040105009A3D6B = {
						CreatedOnToolsVersion = 11.3.1;
						DevelopmentTeam = B8DH6DPF5M;
						LastSwiftMigration = 1130;
						ProvisioningStyle = Automatic;
						TestTargetID = CC89B4161D9FE314006BFD6E;
					};
					CC89B4161D9FE314006BFD6E = {
						CreatedOnToolsVersion = 8.0;
						LastSwiftMigration = 0900;
						ProvisioningStyle = Automatic;
					};
				};
			};
			buildConfigurationList = CC89B4121D9FE314006BFD6E /* Build configuration list for PBXProject "Cloudy" */;
			compatibilityVersion = "Xcode 3.2";
			developmentRegion = English;
			hasScannedForEncodings = 0;
			knownRegions = (
				English,
				en,
				Base,
			);
			mainGroup = CC89B40E1D9FE314006BFD6E;
			productRefGroup = CC89B4181D9FE314006BFD6E /* Products */;
			projectDirPath = "";
			projectRoot = "";
			targets = (
				CC89B4161D9FE314006BFD6E /* Cloudy */,
				30B1C5B824040105009A3D6B /* CloudyTests */,
			);
		};
/* End PBXProject section */

/* Begin PBXResourcesBuildPhase section */
		30B1C5B724040105009A3D6B /* Resources */ = {
			isa = PBXResourcesBuildPhase;
			buildActionMask = 2147483647;
			files = (
				3085E1E0240982A20043B2A4 /* darksky.json in Resources */,
			);
			runOnlyForDeploymentPostprocessing = 0;
		};
		CC89B4151D9FE314006BFD6E /* Resources */ = {
			isa = PBXResourcesBuildPhase;
			buildActionMask = 2147483647;
			files = (
				CC89B43C1D9FE3D0006BFD6E /* LaunchScreen.storyboard in Resources */,
				CC89B43B1D9FE3D0006BFD6E /* Assets.xcassets in Resources */,
				CC89B43D1D9FE3D0006BFD6E /* Main.storyboard in Resources */,
			);
			runOnlyForDeploymentPostprocessing = 0;
		};
/* End PBXResourcesBuildPhase section */

/* Begin PBXSourcesBuildPhase section */
		30B1C5B524040105009A3D6B /* Sources */ = {
			isa = PBXSourcesBuildPhase;
			buildActionMask = 2147483647;
			files = (
				3085E1E624098DAA0043B2A4 /* DayViewViewModelTests.swift in Sources */,
				3085E1EA2409A0450043B2A4 /* WeatherDayViewViewModelTests.swift in Sources */,
				30B1C5CB24040778009A3D6B /* SettingsViewUnitsViewModelTests.swift in Sources */,
				30B1C5CD2404094C009A3D6B /* SettingsViewTemperatureViewModelTests.swift in Sources */,
				3085E1E2240982D70043B2A4 /* XCTestCase.swift in Sources */,
				30B1C5C924040315009A3D6B /* SettingsViewTimeViewModelTests.swift in Sources */,
				3085E1E824099E3F0043B2A4 /* WeekViewViewModelTests.swift in Sources */,
			);
			runOnlyForDeploymentPostprocessing = 0;
		};
		CC89B4131D9FE314006BFD6E /* Sources */ = {
			isa = PBXSourcesBuildPhase;
			buildActionMask = 2147483647;
			files = (
				CC08B9E31DA2208800754A85 /* Conversions.swift in Sources */,
				CC89B4481D9FE8D3006BFD6E /* Configuration.swift in Sources */,
				CC7854CD1D9FF99700E7836D /* WeatherViewController.swift in Sources */,
				CC83E0D51F13BF3B00EB0CAC /* LocationsViewController.swift in Sources */,
				30B1C5AA2403CEBD009A3D6B /* SettingsViewUnitsViewModel.swift in Sources */,
				30B1C5A124029FCD009A3D6B /* DayViewViewModel.swift in Sources */,
				30B1C5A52402B687009A3D6B /* WeekViewViewModel.swift in Sources */,
				30B1C5AC2403D014009A3D6B /* SettingsViewTemperatureViewModel.swift in Sources */,
				30B1C5B12403E771009A3D6B /* WeatherDayViewViewModel.swift in Sources */,
				30B1C5A32402A448009A3D6B /* UIImage+imageForIcon.swift in Sources */,
				CC89B4391D9FE3D0006BFD6E /* RootViewController.swift in Sources */,
				CC89B44C1D9FEB73006BFD6E /* JSONDecodable.swift in Sources */,
				CC89B4451D9FE897006BFD6E /* DataManager.swift in Sources */,
				CC83E0E11F13C01300EB0CAC /* AddLocationViewController.swift in Sources */,
				30B1C5A82403C703009A3D6B /* SettingsViewTimeViewModel.swift in Sources */,
				CC08B9DE1DA20DB400754A85 /* SettingsTableViewCell.swift in Sources */,
				30B1C5AF2403D557009A3D6B /* SettingsRepresentable.swift in Sources */,
				CC89B4381D9FE3D0006BFD6E /* AppDelegate.swift in Sources */,
				CC89B4521D9FECBE006BFD6E /* WeatherDayData.swift in Sources */,
				CC89B4421D9FE5C6006BFD6E /* WeekViewController.swift in Sources */,
				CC89B4501D9FEC2E006BFD6E /* WeatherData.swift in Sources */,
				CC83E0E31F13C07800EB0CAC /* Location.swift in Sources */,
				CC63745E1DA0F557002E68DC /* WeatherDayTableViewCell.swift in Sources */,
				CC83E0DE1F13BFD300EB0CAC /* LocationTableViewCell.swift in Sources */,
				CC83E0DB1F13BFAB00EB0CAC /* LocationsViewLocationViewModel.swift in Sources */,
				CC89B4401D9FE5BC006BFD6E /* DayViewController.swift in Sources */,
				30B1C5B42403FEC1009A3D6B /* WeatherDayRepresentable.swift in Sources */,
				CC08B9E11DA2169400754A85 /* UserDefaults.swift in Sources */,
				CC83E0D81F13BF8000EB0CAC /* LocationRepresentable.swift in Sources */,
				CC08B9DB1DA206EE00754A85 /* SettingsViewController.swift in Sources */,
			);
			runOnlyForDeploymentPostprocessing = 0;
		};
/* End PBXSourcesBuildPhase section */

/* Begin PBXTargetDependency section */
		30B1C5BF24040105009A3D6B /* PBXTargetDependency */ = {
			isa = PBXTargetDependency;
			target = CC89B4161D9FE314006BFD6E /* Cloudy */;
			targetProxy = 30B1C5BE24040105009A3D6B /* PBXContainerItemProxy */;
		};
/* End PBXTargetDependency section */

/* Begin XCBuildConfiguration section */
		30B1C5C124040105009A3D6B /* Debug */ = {
			isa = XCBuildConfiguration;
			buildSettings = {
				BUNDLE_LOADER = "$(TEST_HOST)";
				CLANG_ANALYZER_NUMBER_OBJECT_CONVERSION = YES_AGGRESSIVE;
				CLANG_CXX_LANGUAGE_STANDARD = "gnu++14";
				CLANG_ENABLE_MODULES = YES;
				CLANG_ENABLE_OBJC_WEAK = YES;
				CLANG_WARN_DEPRECATED_OBJC_IMPLEMENTATIONS = YES;
				CLANG_WARN_OBJC_IMPLICIT_RETAIN_SELF = YES;
				CLANG_WARN_UNGUARDED_AVAILABILITY = YES_AGGRESSIVE;
				CODE_SIGN_STYLE = Automatic;
				DEVELOPMENT_TEAM = B8DH6DPF5M;
				GCC_C_LANGUAGE_STANDARD = gnu11;
				INFOPLIST_FILE = "CloudyTests/Supporting files/Info.plist";
				IPHONEOS_DEPLOYMENT_TARGET = 13.2;
				LD_RUNPATH_SEARCH_PATHS = "$(inherited) @executable_path/Frameworks @loader_path/Frameworks";
				MTL_ENABLE_DEBUG_INFO = INCLUDE_SOURCE;
				MTL_FAST_MATH = YES;
				PRODUCT_BUNDLE_IDENTIFIER = com.altexsoft.generic.pagecontroller.CloudyTests;
				PRODUCT_NAME = "$(TARGET_NAME)";
				SWIFT_OPTIMIZATION_LEVEL = "-Onone";
				SWIFT_VERSION = 5.0;
				TARGETED_DEVICE_FAMILY = "1,2";
				TEST_HOST = "$(BUILT_PRODUCTS_DIR)/Cloudy.app/Cloudy";
			};
			name = Debug;
		};
		30B1C5C224040105009A3D6B /* Release */ = {
			isa = XCBuildConfiguration;
			buildSettings = {
				BUNDLE_LOADER = "$(TEST_HOST)";
				CLANG_ANALYZER_NUMBER_OBJECT_CONVERSION = YES_AGGRESSIVE;
				CLANG_CXX_LANGUAGE_STANDARD = "gnu++14";
				CLANG_ENABLE_MODULES = YES;
				CLANG_ENABLE_OBJC_WEAK = YES;
				CLANG_WARN_DEPRECATED_OBJC_IMPLEMENTATIONS = YES;
				CLANG_WARN_OBJC_IMPLICIT_RETAIN_SELF = YES;
				CLANG_WARN_UNGUARDED_AVAILABILITY = YES_AGGRESSIVE;
				CODE_SIGN_STYLE = Automatic;
				DEVELOPMENT_TEAM = B8DH6DPF5M;
				GCC_C_LANGUAGE_STANDARD = gnu11;
				INFOPLIST_FILE = "CloudyTests/Supporting files/Info.plist";
				IPHONEOS_DEPLOYMENT_TARGET = 13.2;
				LD_RUNPATH_SEARCH_PATHS = "$(inherited) @executable_path/Frameworks @loader_path/Frameworks";
				MTL_FAST_MATH = YES;
				PRODUCT_BUNDLE_IDENTIFIER = com.altexsoft.generic.pagecontroller.CloudyTests;
				PRODUCT_NAME = "$(TARGET_NAME)";
				SWIFT_VERSION = 5.0;
				TARGETED_DEVICE_FAMILY = "1,2";
				TEST_HOST = "$(BUILT_PRODUCTS_DIR)/Cloudy.app/Cloudy";
			};
			name = Release;
		};
		CC89B4271D9FE314006BFD6E /* Debug */ = {
			isa = XCBuildConfiguration;
			buildSettings = {
				ALWAYS_SEARCH_USER_PATHS = NO;
				CLANG_ANALYZER_NONNULL = YES;
				CLANG_CXX_LANGUAGE_STANDARD = "gnu++0x";
				CLANG_CXX_LIBRARY = "libc++";
				CLANG_ENABLE_MODULES = YES;
				CLANG_ENABLE_OBJC_ARC = YES;
				CLANG_WARN_BLOCK_CAPTURE_AUTORELEASING = YES;
				CLANG_WARN_BOOL_CONVERSION = YES;
				CLANG_WARN_COMMA = YES;
				CLANG_WARN_CONSTANT_CONVERSION = YES;
				CLANG_WARN_DIRECT_OBJC_ISA_USAGE = YES_ERROR;
				CLANG_WARN_DOCUMENTATION_COMMENTS = YES;
				CLANG_WARN_EMPTY_BODY = YES;
				CLANG_WARN_ENUM_CONVERSION = YES;
				CLANG_WARN_INFINITE_RECURSION = YES;
				CLANG_WARN_INT_CONVERSION = YES;
				CLANG_WARN_NON_LITERAL_NULL_CONVERSION = YES;
				CLANG_WARN_OBJC_LITERAL_CONVERSION = YES;
				CLANG_WARN_OBJC_ROOT_CLASS = YES_ERROR;
				CLANG_WARN_RANGE_LOOP_ANALYSIS = YES;
				CLANG_WARN_STRICT_PROTOTYPES = YES;
				CLANG_WARN_SUSPICIOUS_MOVE = YES;
				CLANG_WARN_SUSPICIOUS_MOVES = YES;
				CLANG_WARN_UNREACHABLE_CODE = YES;
				CLANG_WARN__DUPLICATE_METHOD_MATCH = YES;
				"CODE_SIGN_IDENTITY[sdk=iphoneos*]" = "iPhone Developer";
				COPY_PHASE_STRIP = NO;
				DEBUG_INFORMATION_FORMAT = dwarf;
				ENABLE_STRICT_OBJC_MSGSEND = YES;
				ENABLE_TESTABILITY = YES;
				GCC_C_LANGUAGE_STANDARD = gnu99;
				GCC_DYNAMIC_NO_PIC = NO;
				GCC_NO_COMMON_BLOCKS = YES;
				GCC_OPTIMIZATION_LEVEL = 0;
				GCC_PREPROCESSOR_DEFINITIONS = (
					"DEBUG=1",
					"$(inherited)",
				);
				GCC_WARN_64_TO_32_BIT_CONVERSION = YES;
				GCC_WARN_ABOUT_RETURN_TYPE = YES_ERROR;
				GCC_WARN_UNDECLARED_SELECTOR = YES;
				GCC_WARN_UNINITIALIZED_AUTOS = YES_AGGRESSIVE;
				GCC_WARN_UNUSED_FUNCTION = YES;
				GCC_WARN_UNUSED_VARIABLE = YES;
				IPHONEOS_DEPLOYMENT_TARGET = 10.0;
				MTL_ENABLE_DEBUG_INFO = YES;
				ONLY_ACTIVE_ARCH = YES;
				SDKROOT = iphoneos;
				SWIFT_ACTIVE_COMPILATION_CONDITIONS = DEBUG;
				SWIFT_OPTIMIZATION_LEVEL = "-Onone";
			};
			name = Debug;
		};
		CC89B4281D9FE314006BFD6E /* Release */ = {
			isa = XCBuildConfiguration;
			buildSettings = {
				ALWAYS_SEARCH_USER_PATHS = NO;
				CLANG_ANALYZER_NONNULL = YES;
				CLANG_CXX_LANGUAGE_STANDARD = "gnu++0x";
				CLANG_CXX_LIBRARY = "libc++";
				CLANG_ENABLE_MODULES = YES;
				CLANG_ENABLE_OBJC_ARC = YES;
				CLANG_WARN_BLOCK_CAPTURE_AUTORELEASING = YES;
				CLANG_WARN_BOOL_CONVERSION = YES;
				CLANG_WARN_COMMA = YES;
				CLANG_WARN_CONSTANT_CONVERSION = YES;
				CLANG_WARN_DIRECT_OBJC_ISA_USAGE = YES_ERROR;
				CLANG_WARN_DOCUMENTATION_COMMENTS = YES;
				CLANG_WARN_EMPTY_BODY = YES;
				CLANG_WARN_ENUM_CONVERSION = YES;
				CLANG_WARN_INFINITE_RECURSION = YES;
				CLANG_WARN_INT_CONVERSION = YES;
				CLANG_WARN_NON_LITERAL_NULL_CONVERSION = YES;
				CLANG_WARN_OBJC_LITERAL_CONVERSION = YES;
				CLANG_WARN_OBJC_ROOT_CLASS = YES_ERROR;
				CLANG_WARN_RANGE_LOOP_ANALYSIS = YES;
				CLANG_WARN_STRICT_PROTOTYPES = YES;
				CLANG_WARN_SUSPICIOUS_MOVE = YES;
				CLANG_WARN_SUSPICIOUS_MOVES = YES;
				CLANG_WARN_UNREACHABLE_CODE = YES;
				CLANG_WARN__DUPLICATE_METHOD_MATCH = YES;
				"CODE_SIGN_IDENTITY[sdk=iphoneos*]" = "iPhone Developer";
				COPY_PHASE_STRIP = NO;
				DEBUG_INFORMATION_FORMAT = "dwarf-with-dsym";
				ENABLE_NS_ASSERTIONS = NO;
				ENABLE_STRICT_OBJC_MSGSEND = YES;
				GCC_C_LANGUAGE_STANDARD = gnu99;
				GCC_NO_COMMON_BLOCKS = YES;
				GCC_WARN_64_TO_32_BIT_CONVERSION = YES;
				GCC_WARN_ABOUT_RETURN_TYPE = YES_ERROR;
				GCC_WARN_UNDECLARED_SELECTOR = YES;
				GCC_WARN_UNINITIALIZED_AUTOS = YES_AGGRESSIVE;
				GCC_WARN_UNUSED_FUNCTION = YES;
				GCC_WARN_UNUSED_VARIABLE = YES;
				IPHONEOS_DEPLOYMENT_TARGET = 10.0;
				MTL_ENABLE_DEBUG_INFO = NO;
				SDKROOT = iphoneos;
				SWIFT_OPTIMIZATION_LEVEL = "-Owholemodule";
				VALIDATE_PRODUCT = YES;
			};
			name = Release;
		};
		CC89B42A1D9FE314006BFD6E /* Debug */ = {
			isa = XCBuildConfiguration;
			buildSettings = {
				ASSETCATALOG_COMPILER_APPICON_NAME = AppIcon;
				DEVELOPMENT_TEAM = "";
				INFOPLIST_FILE = "Cloudy/Supporting Files/Info.plist";
				LD_RUNPATH_SEARCH_PATHS = "$(inherited) @executable_path/Frameworks";
				PRODUCT_BUNDLE_IDENTIFIER = com.cocoacasts.Cloudy;
				PRODUCT_NAME = "$(TARGET_NAME)";
				SWIFT_SWIFT3_OBJC_INFERENCE = Off;
				SWIFT_VERSION = 4.0;
			};
			name = Debug;
		};
		CC89B42B1D9FE314006BFD6E /* Release */ = {
			isa = XCBuildConfiguration;
			buildSettings = {
				ASSETCATALOG_COMPILER_APPICON_NAME = AppIcon;
				DEVELOPMENT_TEAM = "";
				INFOPLIST_FILE = "Cloudy/Supporting Files/Info.plist";
				LD_RUNPATH_SEARCH_PATHS = "$(inherited) @executable_path/Frameworks";
				PRODUCT_BUNDLE_IDENTIFIER = com.cocoacasts.Cloudy;
				PRODUCT_NAME = "$(TARGET_NAME)";
				SWIFT_SWIFT3_OBJC_INFERENCE = Off;
				SWIFT_VERSION = 4.0;
			};
			name = Release;
		};
/* End XCBuildConfiguration section */

/* Begin XCConfigurationList section */
		30B1C5C024040105009A3D6B /* Build configuration list for PBXNativeTarget "CloudyTests" */ = {
			isa = XCConfigurationList;
			buildConfigurations = (
				30B1C5C124040105009A3D6B /* Debug */,
				30B1C5C224040105009A3D6B /* Release */,
			);
			defaultConfigurationIsVisible = 0;
			defaultConfigurationName = Release;
		};
		CC89B4121D9FE314006BFD6E /* Build configuration list for PBXProject "Cloudy" */ = {
			isa = XCConfigurationList;
			buildConfigurations = (
				CC89B4271D9FE314006BFD6E /* Debug */,
				CC89B4281D9FE314006BFD6E /* Release */,
			);
			defaultConfigurationIsVisible = 0;
			defaultConfigurationName = Release;
		};
		CC89B4291D9FE314006BFD6E /* Build configuration list for PBXNativeTarget "Cloudy" */ = {
			isa = XCConfigurationList;
			buildConfigurations = (
				CC89B42A1D9FE314006BFD6E /* Debug */,
				CC89B42B1D9FE314006BFD6E /* Release */,
			);
			defaultConfigurationIsVisible = 0;
			defaultConfigurationName = Release;
		};
/* End XCConfigurationList section */
	};
	rootObject = CC89B40F1D9FE314006BFD6E /* Project object */;
}
