
Microsoft Visual Studio Solution File, Format Version 12.00
# Visual Studio 15
Project("{FAE04EC0-301F-11D3-BF4B-00C04F79EFBC}") = "Stacks_CSharp", "Stacks_CSharp\Stacks_CSharp.csproj", "{4F3C8838-88D4-47B5-BAD7-AC1A4A8EE11C}"
EndProject
Global
	GlobalSection(SolutionConfigurationPlatforms) = preSolution
		Debug|anycpu = Debug|anycpu
		Release|anycpu = Release|anycpu
	EndGlobalSection
	GlobalSection(ProjectConfigurationPlatforms) = postSolution
		{4F3C8838-88D4-47B5-BAD7-AC1A4A8EE11C}.Debug|anycpu.ActiveCfg = Debug|anycpu
		{4F3C8838-88D4-47B5-BAD7-AC1A4A8EE11C}.Debug|anycpu.Build.0 = Debug|anycpu
		{4F3C8838-88D4-47B5-BAD7-AC1A4A8EE11C}.Release|anycpu.ActiveCfg = Release|anycpu
		{4F3C8838-88D4-47B5-BAD7-AC1A4A8EE11C}.Release|anycpu.Build.0 = Release|anycpu
	EndGlobalSection
EndGlobal
