
Microsoft Visual Studio Solution File, Format Version 12.00
# Visual Studio 2012
Project("{FAE04EC0-301F-11D3-BF4B-00C04F79EFBC}") = "CardApp", "CardApp\CardApp.csproj", "{A8BCCBC1-771A-4415-918D-3D011ADF42C6}"
EndProject
Project("{FAE04EC0-301F-11D3-BF4B-00C04F79EFBC}") = "CardApp.iOS", "iOS\CardApp.iOS.csproj", "{3F93F194-E765-4CCA-8E1E-D856DE6B2234}"
EndProject
Project("{FAE04EC0-301F-11D3-BF4B-00C04F79EFBC}") = "CardApp.Droid", "Droid\CardApp.Droid.csproj", "{FDC4E78E-9DF5-4880-BCEF-424AF9DD49A6}"
EndProject
Global
	GlobalSection(SolutionConfigurationPlatforms) = preSolution
		Debug|Any CPU = Debug|Any CPU
		Release|Any CPU = Release|Any CPU
		Debug|iPhoneSimulator = Debug|iPhoneSimulator
		Release|iPhone = Release|iPhone
		Release|iPhoneSimulator = Release|iPhoneSimulator
		Debug|iPhone = Debug|iPhone
	EndGlobalSection
	GlobalSection(ProjectConfigurationPlatforms) = postSolution
		{A8BCCBC1-771A-4415-918D-3D011ADF42C6}.Debug|Any CPU.ActiveCfg = Debug|Any CPU
		{A8BCCBC1-771A-4415-918D-3D011ADF42C6}.Debug|Any CPU.Build.0 = Debug|Any CPU
		{A8BCCBC1-771A-4415-918D-3D011ADF42C6}.Release|Any CPU.ActiveCfg = Release|Any CPU
		{A8BCCBC1-771A-4415-918D-3D011ADF42C6}.Release|Any CPU.Build.0 = Release|Any CPU
		{A8BCCBC1-771A-4415-918D-3D011ADF42C6}.Debug|iPhoneSimulator.ActiveCfg = Debug|Any CPU
		{A8BCCBC1-771A-4415-918D-3D011ADF42C6}.Debug|iPhoneSimulator.Build.0 = Debug|Any CPU
		{A8BCCBC1-771A-4415-918D-3D011ADF42C6}.Release|iPhone.ActiveCfg = Release|Any CPU
		{A8BCCBC1-771A-4415-918D-3D011ADF42C6}.Release|iPhone.Build.0 = Release|Any CPU
		{A8BCCBC1-771A-4415-918D-3D011ADF42C6}.Release|iPhoneSimulator.ActiveCfg = Release|Any CPU
		{A8BCCBC1-771A-4415-918D-3D011ADF42C6}.Release|iPhoneSimulator.Build.0 = Release|Any CPU
		{A8BCCBC1-771A-4415-918D-3D011ADF42C6}.Debug|iPhone.ActiveCfg = Debug|Any CPU
		{A8BCCBC1-771A-4415-918D-3D011ADF42C6}.Debug|iPhone.Build.0 = Debug|Any CPU
		{3F93F194-E765-4CCA-8E1E-D856DE6B2234}.Debug|Any CPU.ActiveCfg = Debug|iPhoneSimulator
		{3F93F194-E765-4CCA-8E1E-D856DE6B2234}.Debug|Any CPU.Build.0 = Debug|iPhoneSimulator
		{3F93F194-E765-4CCA-8E1E-D856DE6B2234}.Release|Any CPU.ActiveCfg = Release|iPhone
		{3F93F194-E765-4CCA-8E1E-D856DE6B2234}.Release|Any CPU.Build.0 = Release|iPhone
		{3F93F194-E765-4CCA-8E1E-D856DE6B2234}.Debug|iPhoneSimulator.ActiveCfg = Debug|iPhoneSimulator
		{3F93F194-E765-4CCA-8E1E-D856DE6B2234}.Debug|iPhoneSimulator.Build.0 = Debug|iPhoneSimulator
		{3F93F194-E765-4CCA-8E1E-D856DE6B2234}.Release|iPhone.ActiveCfg = Release|iPhone
		{3F93F194-E765-4CCA-8E1E-D856DE6B2234}.Release|iPhone.Build.0 = Release|iPhone
		{3F93F194-E765-4CCA-8E1E-D856DE6B2234}.Release|iPhoneSimulator.ActiveCfg = Release|iPhoneSimulator
		{3F93F194-E765-4CCA-8E1E-D856DE6B2234}.Release|iPhoneSimulator.Build.0 = Release|iPhoneSimulator
		{3F93F194-E765-4CCA-8E1E-D856DE6B2234}.Debug|iPhone.ActiveCfg = Debug|iPhone
		{3F93F194-E765-4CCA-8E1E-D856DE6B2234}.Debug|iPhone.Build.0 = Debug|iPhone
		{FDC4E78E-9DF5-4880-BCEF-424AF9DD49A6}.Debug|Any CPU.ActiveCfg = Debug|Any CPU
		{FDC4E78E-9DF5-4880-BCEF-424AF9DD49A6}.Debug|Any CPU.Build.0 = Debug|Any CPU
		{FDC4E78E-9DF5-4880-BCEF-424AF9DD49A6}.Release|Any CPU.ActiveCfg = Release|Any CPU
		{FDC4E78E-9DF5-4880-BCEF-424AF9DD49A6}.Release|Any CPU.Build.0 = Release|Any CPU
		{FDC4E78E-9DF5-4880-BCEF-424AF9DD49A6}.Debug|iPhoneSimulator.ActiveCfg = Debug|Any CPU
		{FDC4E78E-9DF5-4880-BCEF-424AF9DD49A6}.Debug|iPhoneSimulator.Build.0 = Debug|Any CPU
		{FDC4E78E-9DF5-4880-BCEF-424AF9DD49A6}.Release|iPhone.ActiveCfg = Release|Any CPU
		{FDC4E78E-9DF5-4880-BCEF-424AF9DD49A6}.Release|iPhone.Build.0 = Release|Any CPU
		{FDC4E78E-9DF5-4880-BCEF-424AF9DD49A6}.Release|iPhoneSimulator.ActiveCfg = Release|Any CPU
		{FDC4E78E-9DF5-4880-BCEF-424AF9DD49A6}.Release|iPhoneSimulator.Build.0 = Release|Any CPU
		{FDC4E78E-9DF5-4880-BCEF-424AF9DD49A6}.Debug|iPhone.ActiveCfg = Debug|Any CPU
		{FDC4E78E-9DF5-4880-BCEF-424AF9DD49A6}.Debug|iPhone.Build.0 = Debug|Any CPU
	EndGlobalSection
EndGlobal
