// !$*UTF8*$!
{
	archiveVersion = 1;
	classes = {
	};
	objectVersion = 50;
	objects = {

/* Begin PBXBuildFile section */
		30BD8A4A25E7FC840044FD63 /* AppDelegate.swift in Sources */ = {isa = PBXBuildFile; fileRef = 30BD8A4925E7FC840044FD63 /* AppDelegate.swift */; };
		30BD8A4C25E7FC840044FD63 /* SceneDelegate.swift in Sources */ = {isa = PBXBuildFile; fileRef = 30BD8A4B25E7FC840044FD63 /* SceneDelegate.swift */; };
		30BD8A4E25E7FC840044FD63 /* ViewController.swift in Sources */ = {isa = PBXBuildFile; fileRef = 30BD8A4D25E7FC840044FD63 /* ViewController.swift */; };
		30BD8A5125E7FC840044FD63 /* Main.storyboard in Resources */ = {isa = PBXBuildFile; fileRef = 30BD8A4F25E7FC840044FD63 /* Main.storyboard */; };
		30BD8A5325E7FC890044FD63 /* Assets.xcassets in Resources */ = {isa = PBXBuildFile; fileRef = 30BD8A5225E7FC890044FD63 /* Assets.xcassets */; };
		30BD8A5625E7FC890044FD63 /* LaunchScreen.storyboard in Resources */ = {isa = PBXBuildFile; fileRef = 30BD8A5425E7FC890044FD63 /* LaunchScreen.storyboard */; };
		30BD8A6B25EFD7E80044FD63 /* MapKit.framework in Frameworks */ = {isa = PBXBuildFile; fileRef = 30BD8A6A25EFD7E80044FD63 /* MapKit.framework */; };
		30BD8A7525FF96180044FD63 /* Coordinates.swift in Sources */ = {isa = PBXBuildFile; fileRef = 30BD8A7425FF96180044FD63 /* Coordinates.swift */; };
		30BD8A7925FF96300044FD63 /* City.swift in Sources */ = {isa = PBXBuildFile; fileRef = 30BD8A7825FF96300044FD63 /* City.swift */; };
		30BD8A7C25FF964C0044FD63 /* MapViewModel.swift in Sources */ = {isa = PBXBuildFile; fileRef = 30BD8A7B25FF964C0044FD63 /* MapViewModel.swift */; };
		30BD8A8025FF96900044FD63 /* UIButton+applyCustomStyle.swift in Sources */ = {isa = PBXBuildFile; fileRef = 30BD8A7F25FF96900044FD63 /* UIButton+applyCustomStyle.swift */; };
		30BD8A8425FF997F0044FD63 /* MapSettings.swift in Sources */ = {isa = PBXBuildFile; fileRef = 30BD8A8325FF997F0044FD63 /* MapSettings.swift */; };
/* End PBXBuildFile section */

/* Begin PBXFileReference section */
		30BD8A4625E7FC840044FD63 /* Work with Maps.app */ = {isa = PBXFileReference; explicitFileType = wrapper.application; includeInIndex = 0; path = "Work with Maps.app"; sourceTree = BUILT_PRODUCTS_DIR; };
		30BD8A4925E7FC840044FD63 /* AppDelegate.swift */ = {isa = PBXFileReference; lastKnownFileType = sourcecode.swift; path = AppDelegate.swift; sourceTree = "<group>"; };
		30BD8A4B25E7FC840044FD63 /* SceneDelegate.swift */ = {isa = PBXFileReference; lastKnownFileType = sourcecode.swift; path = SceneDelegate.swift; sourceTree = "<group>"; };
		30BD8A4D25E7FC840044FD63 /* ViewController.swift */ = {isa = PBXFileReference; lastKnownFileType = sourcecode.swift; path = ViewController.swift; sourceTree = "<group>"; };
		30BD8A5025E7FC840044FD63 /* Base */ = {isa = PBXFileReference; lastKnownFileType = file.storyboard; name = Base; path = Base.lproj/Main.storyboard; sourceTree = "<group>"; };
		30BD8A5225E7FC890044FD63 /* Assets.xcassets */ = {isa = PBXFileReference; lastKnownFileType = folder.assetcatalog; path = Assets.xcassets; sourceTree = "<group>"; };
		30BD8A5525E7FC890044FD63 /* Base */ = {isa = PBXFileReference; lastKnownFileType = file.storyboard; name = Base; path = Base.lproj/LaunchScreen.storyboard; sourceTree = "<group>"; };
		30BD8A5725E7FC890044FD63 /* Info.plist */ = {isa = PBXFileReference; lastKnownFileType = text.plist.xml; path = Info.plist; sourceTree = "<group>"; };
		30BD8A6A25EFD7E80044FD63 /* MapKit.framework */ = {isa = PBXFileReference; lastKnownFileType = wrapper.framework; name = MapKit.framework; path = System/Library/Frameworks/MapKit.framework; sourceTree = SDKROOT; };
		30BD8A7425FF96180044FD63 /* Coordinates.swift */ = {isa = PBXFileReference; lastKnownFileType = sourcecode.swift; path = Coordinates.swift; sourceTree = "<group>"; };
		30BD8A7825FF96300044FD63 /* City.swift */ = {isa = PBXFileReference; lastKnownFileType = sourcecode.swift; path = City.swift; sourceTree = "<group>"; };
		30BD8A7B25FF964C0044FD63 /* MapViewModel.swift */ = {isa = PBXFileReference; lastKnownFileType = sourcecode.swift; path = MapViewModel.swift; sourceTree = "<group>"; };
		30BD8A7F25FF96900044FD63 /* UIButton+applyCustomStyle.swift */ = {isa = PBXFileReference; lastKnownFileType = sourcecode.swift; path = "UIButton+applyCustomStyle.swift"; sourceTree = "<group>"; };
		30BD8A8325FF997F0044FD63 /* MapSettings.swift */ = {isa = PBXFileReference; lastKnownFileType = sourcecode.swift; path = MapSettings.swift; sourceTree = "<group>"; };
/* End PBXFileReference section */

/* Begin PBXFrameworksBuildPhase section */
		30BD8A4325E7FC830044FD63 /* Frameworks */ = {
			isa = PBXFrameworksBuildPhase;
			buildActionMask = 2147483647;
			files = (
				30BD8A6B25EFD7E80044FD63 /* MapKit.framework in Frameworks */,
			);
			runOnlyForDeploymentPostprocessing = 0;
		};
/* End PBXFrameworksBuildPhase section */

/* Begin PBXGroup section */
		30BD8A3D25E7FC830044FD63 = {
			isa = PBXGroup;
			children = (
				30BD8A4825E7FC840044FD63 /* Work with Maps */,
				30BD8A4725E7FC840044FD63 /* Products */,
				30BD8A6925EFD7E80044FD63 /* Frameworks */,
			);
			sourceTree = "<group>";
		};
		30BD8A4725E7FC840044FD63 /* Products */ = {
			isa = PBXGroup;
			children = (
				30BD8A4625E7FC840044FD63 /* Work with Maps.app */,
			);
			name = Products;
			sourceTree = "<group>";
		};
		30BD8A4825E7FC840044FD63 /* Work with Maps */ = {
			isa = PBXGroup;
			children = (
				30BD8A7E25FF96700044FD63 /* Extensions */,
				30BD8A7325FF95E20044FD63 /* Models */,
				30BD8A7225FF95D70044FD63 /* ViewModels */,
				30BD8A4925E7FC840044FD63 /* AppDelegate.swift */,
				30BD8A4B25E7FC840044FD63 /* SceneDelegate.swift */,
				30BD8A4D25E7FC840044FD63 /* ViewController.swift */,
				30BD8A4F25E7FC840044FD63 /* Main.storyboard */,
				30BD8A5225E7FC890044FD63 /* Assets.xcassets */,
				30BD8A5425E7FC890044FD63 /* LaunchScreen.storyboard */,
				30BD8A5725E7FC890044FD63 /* Info.plist */,
			);
			path = "Work with Maps";
			sourceTree = "<group>";
		};
		30BD8A6925EFD7E80044FD63 /* Frameworks */ = {
			isa = PBXGroup;
			children = (
				30BD8A6A25EFD7E80044FD63 /* MapKit.framework */,
			);
			name = Frameworks;
			sourceTree = "<group>";
		};
		30BD8A7225FF95D70044FD63 /* ViewModels */ = {
			isa = PBXGroup;
			children = (
				30BD8A7B25FF964C0044FD63 /* MapViewModel.swift */,
			);
			path = ViewModels;
			sourceTree = "<group>";
		};
		30BD8A7325FF95E20044FD63 /* Models */ = {
			isa = PBXGroup;
			children = (
				30BD8A7425FF96180044FD63 /* Coordinates.swift */,
				30BD8A7825FF96300044FD63 /* City.swift */,
				30BD8A8325FF997F0044FD63 /* MapSettings.swift */,
			);
			path = Models;
			sourceTree = "<group>";
		};
		30BD8A7E25FF96700044FD63 /* Extensions */ = {
			isa = PBXGroup;
			children = (
				30BD8A7F25FF96900044FD63 /* UIButton+applyCustomStyle.swift */,
			);
			path = Extensions;
			sourceTree = "<group>";
		};
/* End PBXGroup section */

/* Begin PBXNativeTarget section */
		30BD8A4525E7FC830044FD63 /* Work with Maps */ = {
			isa = PBXNativeTarget;
			buildConfigurationList = 30BD8A5A25E7FC890044FD63 /* Build configuration list for PBXNativeTarget "Work with Maps" */;
			buildPhases = (
				30BD8A4225E7FC830044FD63 /* Sources */,
				30BD8A4325E7FC830044FD63 /* Frameworks */,
				30BD8A4425E7FC830044FD63 /* Resources */,
			);
			buildRules = (
			);
			dependencies = (
			);
			name = "Work with Maps";
			productName = "Work with Maps";
			productReference = 30BD8A4625E7FC840044FD63 /* Work with Maps.app */;
			productType = "com.apple.product-type.application";
		};
/* End PBXNativeTarget section */

/* Begin PBXProject section */
		30BD8A3E25E7FC830044FD63 /* Project object */ = {
			isa = PBXProject;
			attributes = {
				LastSwiftUpdateCheck = 1240;
				LastUpgradeCheck = 1240;
				TargetAttributes = {
					30BD8A4525E7FC830044FD63 = {
						CreatedOnToolsVersion = 12.4;
					};
				};
			};
			buildConfigurationList = 30BD8A4125E7FC830044FD63 /* Build configuration list for PBXProject "Work with Maps" */;
			compatibilityVersion = "Xcode 9.3";
			developmentRegion = en;
			hasScannedForEncodings = 0;
			knownRegions = (
				en,
				Base,
			);
			mainGroup = 30BD8A3D25E7FC830044FD63;
			productRefGroup = 30BD8A4725E7FC840044FD63 /* Products */;
			projectDirPath = "";
			projectRoot = "";
			targets = (
				30BD8A4525E7FC830044FD63 /* Work with Maps */,
			);
		};
/* End PBXProject section */

/* Begin PBXResourcesBuildPhase section */
		30BD8A4425E7FC830044FD63 /* Resources */ = {
			isa = PBXResourcesBuildPhase;
			buildActionMask = 2147483647;
			files = (
				30BD8A5625E7FC890044FD63 /* LaunchScreen.storyboard in Resources */,
				30BD8A5325E7FC890044FD63 /* Assets.xcassets in Resources */,
				30BD8A5125E7FC840044FD63 /* Main.storyboard in Resources */,
			);
			runOnlyForDeploymentPostprocessing = 0;
		};
/* End PBXResourcesBuildPhase section */

/* Begin PBXSourcesBuildPhase section */
		30BD8A4225E7FC830044FD63 /* Sources */ = {
			isa = PBXSourcesBuildPhase;
			buildActionMask = 2147483647;
			files = (
				30BD8A4E25E7FC840044FD63 /* ViewController.swift in Sources */,
				30BD8A7925FF96300044FD63 /* City.swift in Sources */,
				30BD8A8025FF96900044FD63 /* UIButton+applyCustomStyle.swift in Sources */,
				30BD8A8425FF997F0044FD63 /* MapSettings.swift in Sources */,
				30BD8A4A25E7FC840044FD63 /* AppDelegate.swift in Sources */,
				30BD8A4C25E7FC840044FD63 /* SceneDelegate.swift in Sources */,
				30BD8A7525FF96180044FD63 /* Coordinates.swift in Sources */,
				30BD8A7C25FF964C0044FD63 /* MapViewModel.swift in Sources */,
			);
			runOnlyForDeploymentPostprocessing = 0;
		};
/* End PBXSourcesBuildPhase section */

/* Begin PBXVariantGroup section */
		30BD8A4F25E7FC840044FD63 /* Main.storyboard */ = {
			isa = PBXVariantGroup;
			children = (
				30BD8A5025E7FC840044FD63 /* Base */,
			);
			name = Main.storyboard;
			sourceTree = "<group>";
		};
		30BD8A5425E7FC890044FD63 /* LaunchScreen.storyboard */ = {
			isa = PBXVariantGroup;
			children = (
				30BD8A5525E7FC890044FD63 /* Base */,
			);
			name = LaunchScreen.storyboard;
			sourceTree = "<group>";
		};
/* End PBXVariantGroup section */

/* Begin XCBuildConfiguration section */
		30BD8A5825E7FC890044FD63 /* Debug */ = {
			isa = XCBuildConfiguration;
			buildSettings = {
				ALWAYS_SEARCH_USER_PATHS = NO;
				CLANG_ANALYZER_NONNULL = YES;
				CLANG_ANALYZER_NUMBER_OBJECT_CONVERSION = YES_AGGRESSIVE;
				CLANG_CXX_LANGUAGE_STANDARD = "gnu++14";
				CLANG_CXX_LIBRARY = "libc++";
				CLANG_ENABLE_MODULES = YES;
				CLANG_ENABLE_OBJC_ARC = YES;
				CLANG_ENABLE_OBJC_WEAK = YES;
				CLANG_WARN_BLOCK_CAPTURE_AUTORELEASING = YES;
				CLANG_WARN_BOOL_CONVERSION = YES;
				CLANG_WARN_COMMA = YES;
				CLANG_WARN_CONSTANT_CONVERSION = YES;
				CLANG_WARN_DEPRECATED_OBJC_IMPLEMENTATIONS = YES;
				CLANG_WARN_DIRECT_OBJC_ISA_USAGE = YES_ERROR;
				CLANG_WARN_DOCUMENTATION_COMMENTS = YES;
				CLANG_WARN_EMPTY_BODY = YES;
				CLANG_WARN_ENUM_CONVERSION = YES;
				CLANG_WARN_INFINITE_RECURSION = YES;
				CLANG_WARN_INT_CONVERSION = YES;
				CLANG_WARN_NON_LITERAL_NULL_CONVERSION = YES;
				CLANG_WARN_OBJC_IMPLICIT_RETAIN_SELF = YES;
				CLANG_WARN_OBJC_LITERAL_CONVERSION = YES;
				CLANG_WARN_OBJC_ROOT_CLASS = YES_ERROR;
				CLANG_WARN_QUOTED_INCLUDE_IN_FRAMEWORK_HEADER = YES;
				CLANG_WARN_RANGE_LOOP_ANALYSIS = YES;
				CLANG_WARN_STRICT_PROTOTYPES = YES;
				CLANG_WARN_SUSPICIOUS_MOVE = YES;
				CLANG_WARN_UNGUARDED_AVAILABILITY = YES_AGGRESSIVE;
				CLANG_WARN_UNREACHABLE_CODE = YES;
				CLANG_WARN__DUPLICATE_METHOD_MATCH = YES;
				COPY_PHASE_STRIP = NO;
				DEBUG_INFORMATION_FORMAT = dwarf;
				ENABLE_STRICT_OBJC_MSGSEND = YES;
				ENABLE_TESTABILITY = YES;
				GCC_C_LANGUAGE_STANDARD = gnu11;
				GCC_DYNAMIC_NO_PIC = NO;
				GCC_NO_COMMON_BLOCKS = YES;
				GCC_OPTIMIZATION_LEVEL = 0;
				GCC_PREPROCESSOR_DEFINITIONS = (
					"DEBUG=1",
					"$(inherited)",
				);
				GCC_WARN_64_TO_32_BIT_CONVERSION = YES;
				GCC_WARN_ABOUT_RETURN_TYPE = YES_ERROR;
				GCC_WARN_UNDECLARED_SELECTOR = YES;
				GCC_WARN_UNINITIALIZED_AUTOS = YES_AGGRESSIVE;
				GCC_WARN_UNUSED_FUNCTION = YES;
				GCC_WARN_UNUSED_VARIABLE = YES;
				IPHONEOS_DEPLOYMENT_TARGET = 14.4;
				MTL_ENABLE_DEBUG_INFO = INCLUDE_SOURCE;
				MTL_FAST_MATH = YES;
				ONLY_ACTIVE_ARCH = YES;
				SDKROOT = iphoneos;
				SWIFT_ACTIVE_COMPILATION_CONDITIONS = DEBUG;
				SWIFT_OPTIMIZATION_LEVEL = "-Onone";
			};
			name = Debug;
		};
		30BD8A5925E7FC890044FD63 /* Release */ = {
			isa = XCBuildConfiguration;
			buildSettings = {
				ALWAYS_SEARCH_USER_PATHS = NO;
				CLANG_ANALYZER_NONNULL = YES;
				CLANG_ANALYZER_NUMBER_OBJECT_CONVERSION = YES_AGGRESSIVE;
				CLANG_CXX_LANGUAGE_STANDARD = "gnu++14";
				CLANG_CXX_LIBRARY = "libc++";
				CLANG_ENABLE_MODULES = YES;
				CLANG_ENABLE_OBJC_ARC = YES;
				CLANG_ENABLE_OBJC_WEAK = YES;
				CLANG_WARN_BLOCK_CAPTURE_AUTORELEASING = YES;
				CLANG_WARN_BOOL_CONVERSION = YES;
				CLANG_WARN_COMMA = YES;
				CLANG_WARN_CONSTANT_CONVERSION = YES;
				CLANG_WARN_DEPRECATED_OBJC_IMPLEMENTATIONS = YES;
				CLANG_WARN_DIRECT_OBJC_ISA_USAGE = YES_ERROR;
				CLANG_WARN_DOCUMENTATION_COMMENTS = YES;
				CLANG_WARN_EMPTY_BODY = YES;
				CLANG_WARN_ENUM_CONVERSION = YES;
				CLANG_WARN_INFINITE_RECURSION = YES;
				CLANG_WARN_INT_CONVERSION = YES;
				CLANG_WARN_NON_LITERAL_NULL_CONVERSION = YES;
				CLANG_WARN_OBJC_IMPLICIT_RETAIN_SELF = YES;
				CLANG_WARN_OBJC_LITERAL_CONVERSION = YES;
				CLANG_WARN_OBJC_ROOT_CLASS = YES_ERROR;
				CLANG_WARN_QUOTED_INCLUDE_IN_FRAMEWORK_HEADER = YES;
				CLANG_WARN_RANGE_LOOP_ANALYSIS = YES;
				CLANG_WARN_STRICT_PROTOTYPES = YES;
				CLANG_WARN_SUSPICIOUS_MOVE = YES;
				CLANG_WARN_UNGUARDED_AVAILABILITY = YES_AGGRESSIVE;
				CLANG_WARN_UNREACHABLE_CODE = YES;
				CLANG_WARN__DUPLICATE_METHOD_MATCH = YES;
				COPY_PHASE_STRIP = NO;
				DEBUG_INFORMATION_FORMAT = "dwarf-with-dsym";
				ENABLE_NS_ASSERTIONS = NO;
				ENABLE_STRICT_OBJC_MSGSEND = YES;
				GCC_C_LANGUAGE_STANDARD = gnu11;
				GCC_NO_COMMON_BLOCKS = YES;
				GCC_WARN_64_TO_32_BIT_CONVERSION = YES;
				GCC_WARN_ABOUT_RETURN_TYPE = YES_ERROR;
				GCC_WARN_UNDECLARED_SELECTOR = YES;
				GCC_WARN_UNINITIALIZED_AUTOS = YES_AGGRESSIVE;
				GCC_WARN_UNUSED_FUNCTION = YES;
				GCC_WARN_UNUSED_VARIABLE = YES;
				IPHONEOS_DEPLOYMENT_TARGET = 14.4;
				MTL_ENABLE_DEBUG_INFO = NO;
				MTL_FAST_MATH = YES;
				SDKROOT = iphoneos;
				SWIFT_COMPILATION_MODE = wholemodule;
				SWIFT_OPTIMIZATION_LEVEL = "-O";
				VALIDATE_PRODUCT = YES;
			};
			name = Release;
		};
		30BD8A5B25E7FC890044FD63 /* Debug */ = {
			isa = XCBuildConfiguration;
			buildSettings = {
				ASSETCATALOG_COMPILER_APPICON_NAME = AppIcon;
				ASSETCATALOG_COMPILER_GLOBAL_ACCENT_COLOR_NAME = AccentColor;
				CODE_SIGN_IDENTITY = "Apple Development";
				CODE_SIGN_STYLE = Automatic;
				DEVELOPMENT_TEAM = UP6CV4G6N4;
				INFOPLIST_FILE = "Work with Maps/Info.plist";
				IPHONEOS_DEPLOYMENT_TARGET = 13.0;
				LD_RUNPATH_SEARCH_PATHS = (
					"$(inherited)",
					"@executable_path/Frameworks",
				);
				PRODUCT_BUNDLE_IDENTIFIER = com.romanbohun.workwithmaps;
				PRODUCT_NAME = "$(TARGET_NAME)";
				PROVISIONING_PROFILE_SPECIFIER = "";
				SWIFT_VERSION = 5.0;
				TARGETED_DEVICE_FAMILY = 1;
			};
			name = Debug;
		};
		30BD8A5C25E7FC890044FD63 /* Release */ = {
			isa = XCBuildConfiguration;
			buildSettings = {
				ASSETCATALOG_COMPILER_APPICON_NAME = AppIcon;
				ASSETCATALOG_COMPILER_GLOBAL_ACCENT_COLOR_NAME = AccentColor;
				CODE_SIGN_IDENTITY = "Apple Development";
				CODE_SIGN_STYLE = Automatic;
				DEVELOPMENT_TEAM = UP6CV4G6N4;
				INFOPLIST_FILE = "Work with Maps/Info.plist";
				IPHONEOS_DEPLOYMENT_TARGET = 13.0;
				LD_RUNPATH_SEARCH_PATHS = (
					"$(inherited)",
					"@executable_path/Frameworks",
				);
				PRODUCT_BUNDLE_IDENTIFIER = com.romanbohun.workwithmaps;
				PRODUCT_NAME = "$(TARGET_NAME)";
				PROVISIONING_PROFILE_SPECIFIER = "";
				SWIFT_VERSION = 5.0;
				TARGETED_DEVICE_FAMILY = 1;
			};
			name = Release;
		};
/* End XCBuildConfiguration section */

/* Begin XCConfigurationList section */
		30BD8A4125E7FC830044FD63 /* Build configuration list for PBXProject "Work with Maps" */ = {
			isa = XCConfigurationList;
			buildConfigurations = (
				30BD8A5825E7FC890044FD63 /* Debug */,
				30BD8A5925E7FC890044FD63 /* Release */,
			);
			defaultConfigurationIsVisible = 0;
			defaultConfigurationName = Release;
		};
		30BD8A5A25E7FC890044FD63 /* Build configuration list for PBXNativeTarget "Work with Maps" */ = {
			isa = XCConfigurationList;
			buildConfigurations = (
				30BD8A5B25E7FC890044FD63 /* Debug */,
				30BD8A5C25E7FC890044FD63 /* Release */,
			);
			defaultConfigurationIsVisible = 0;
			defaultConfigurationName = Release;
		};
/* End XCConfigurationList section */
	};
	rootObject = 30BD8A3E25E7FC830044FD63 /* Project object */;
}
