
Microsoft Visual Studio Solution File, Format Version 12.00
# Visual Studio 15
Project("{FAE04EC0-301F-11D3-BF4B-00C04F79EFBC}") = "CCC.Android", "CCC.Android\CCC.Android.csproj", "{E65A5068-6165-44B2-9A13-F8DB1EDB349F}"
EndProject
Project("{FAE04EC0-301F-11D3-BF4B-00C04F79EFBC}") = "CCC.iOS", "CCC.iOS\CCC.iOS.csproj", "{8B6F35C6-3834-42D2-9116-74E92C54DFE9}"
EndProject
Project("{FAE04EC0-301F-11D3-BF4B-00C04F79EFBC}") = "CCC", "CCC\CCC.csproj", "{B627A976-7450-4BDA-BDC3-A81FC679B3E8}"
EndProject
Global
	GlobalSection(SolutionConfigurationPlatforms) = preSolution
		Debug|Any CPU = Debug|Any CPU
		Release|Any CPU = Release|Any CPU
		Debug|iPhoneSimulator = Debug|iPhoneSimulator
		Release|iPhoneSimulator = Release|iPhoneSimulator
		Debug|iPhone = Debug|iPhone
		Release|iPhone = Release|iPhone
		Ad-Hoc|iPhone = Ad-Hoc|iPhone
		AppStore|iPhone = AppStore|iPhone
	EndGlobalSection
	GlobalSection(ProjectConfigurationPlatforms) = postSolution
		{E65A5068-6165-44B2-9A13-F8DB1EDB349F}.Debug|Any CPU.ActiveCfg = Debug|Any CPU
		{E65A5068-6165-44B2-9A13-F8DB1EDB349F}.Debug|Any CPU.Build.0 = Debug|Any CPU
		{E65A5068-6165-44B2-9A13-F8DB1EDB349F}.Release|Any CPU.ActiveCfg = Release|Any CPU
		{E65A5068-6165-44B2-9A13-F8DB1EDB349F}.Release|Any CPU.Build.0 = Release|Any CPU
		{E65A5068-6165-44B2-9A13-F8DB1EDB349F}.Debug|iPhoneSimulator.ActiveCfg = Debug|Any CPU
		{E65A5068-6165-44B2-9A13-F8DB1EDB349F}.Debug|iPhoneSimulator.Build.0 = Debug|Any CPU
		{E65A5068-6165-44B2-9A13-F8DB1EDB349F}.Release|iPhoneSimulator.ActiveCfg = Release|Any CPU
		{E65A5068-6165-44B2-9A13-F8DB1EDB349F}.Release|iPhoneSimulator.Build.0 = Release|Any CPU
		{E65A5068-6165-44B2-9A13-F8DB1EDB349F}.Debug|iPhone.ActiveCfg = Debug|Any CPU
		{E65A5068-6165-44B2-9A13-F8DB1EDB349F}.Debug|iPhone.Build.0 = Debug|Any CPU
		{E65A5068-6165-44B2-9A13-F8DB1EDB349F}.Release|iPhone.ActiveCfg = Release|Any CPU
		{E65A5068-6165-44B2-9A13-F8DB1EDB349F}.Release|iPhone.Build.0 = Release|Any CPU
		{E65A5068-6165-44B2-9A13-F8DB1EDB349F}.Ad-Hoc|iPhone.ActiveCfg = Debug|Any CPU
		{E65A5068-6165-44B2-9A13-F8DB1EDB349F}.Ad-Hoc|iPhone.Build.0 = Debug|Any CPU
		{E65A5068-6165-44B2-9A13-F8DB1EDB349F}.AppStore|iPhone.ActiveCfg = Debug|Any CPU
		{E65A5068-6165-44B2-9A13-F8DB1EDB349F}.AppStore|iPhone.Build.0 = Debug|Any CPU
		{8B6F35C6-3834-42D2-9116-74E92C54DFE9}.Debug|Any CPU.ActiveCfg = Debug|iPhoneSimulator
		{8B6F35C6-3834-42D2-9116-74E92C54DFE9}.Debug|Any CPU.Build.0 = Debug|iPhoneSimulator
		{8B6F35C6-3834-42D2-9116-74E92C54DFE9}.Release|Any CPU.ActiveCfg = Release|iPhoneSimulator
		{8B6F35C6-3834-42D2-9116-74E92C54DFE9}.Release|Any CPU.Build.0 = Release|iPhoneSimulator
		{8B6F35C6-3834-42D2-9116-74E92C54DFE9}.Debug|iPhoneSimulator.ActiveCfg = Debug|iPhoneSimulator
		{8B6F35C6-3834-42D2-9116-74E92C54DFE9}.Debug|iPhoneSimulator.Build.0 = Debug|iPhoneSimulator
		{8B6F35C6-3834-42D2-9116-74E92C54DFE9}.Release|iPhoneSimulator.ActiveCfg = Release|iPhoneSimulator
		{8B6F35C6-3834-42D2-9116-74E92C54DFE9}.Release|iPhoneSimulator.Build.0 = Release|iPhoneSimulator
		{8B6F35C6-3834-42D2-9116-74E92C54DFE9}.Debug|iPhone.ActiveCfg = Debug|iPhone
		{8B6F35C6-3834-42D2-9116-74E92C54DFE9}.Debug|iPhone.Build.0 = Debug|iPhone
		{8B6F35C6-3834-42D2-9116-74E92C54DFE9}.Release|iPhone.ActiveCfg = Release|iPhone
		{8B6F35C6-3834-42D2-9116-74E92C54DFE9}.Release|iPhone.Build.0 = Release|iPhone
		{8B6F35C6-3834-42D2-9116-74E92C54DFE9}.Ad-Hoc|iPhone.ActiveCfg = Ad-Hoc|iPhone
		{8B6F35C6-3834-42D2-9116-74E92C54DFE9}.Ad-Hoc|iPhone.Build.0 = Ad-Hoc|iPhone
		{8B6F35C6-3834-42D2-9116-74E92C54DFE9}.AppStore|iPhone.ActiveCfg = AppStore|iPhone
		{8B6F35C6-3834-42D2-9116-74E92C54DFE9}.AppStore|iPhone.Build.0 = AppStore|iPhone
		{B627A976-7450-4BDA-BDC3-A81FC679B3E8}.Debug|Any CPU.ActiveCfg = Debug|Any CPU
		{B627A976-7450-4BDA-BDC3-A81FC679B3E8}.Debug|Any CPU.Build.0 = Debug|Any CPU
		{B627A976-7450-4BDA-BDC3-A81FC679B3E8}.Release|Any CPU.ActiveCfg = Release|Any CPU
		{B627A976-7450-4BDA-BDC3-A81FC679B3E8}.Release|Any CPU.Build.0 = Release|Any CPU
		{B627A976-7450-4BDA-BDC3-A81FC679B3E8}.Debug|iPhoneSimulator.ActiveCfg = Debug|Any CPU
		{B627A976-7450-4BDA-BDC3-A81FC679B3E8}.Debug|iPhoneSimulator.Build.0 = Debug|Any CPU
		{B627A976-7450-4BDA-BDC3-A81FC679B3E8}.Release|iPhoneSimulator.ActiveCfg = Release|Any CPU
		{B627A976-7450-4BDA-BDC3-A81FC679B3E8}.Release|iPhoneSimulator.Build.0 = Release|Any CPU
		{B627A976-7450-4BDA-BDC3-A81FC679B3E8}.Debug|iPhone.ActiveCfg = Debug|Any CPU
		{B627A976-7450-4BDA-BDC3-A81FC679B3E8}.Debug|iPhone.Build.0 = Debug|Any CPU
		{B627A976-7450-4BDA-BDC3-A81FC679B3E8}.Release|iPhone.ActiveCfg = Release|Any CPU
		{B627A976-7450-4BDA-BDC3-A81FC679B3E8}.Release|iPhone.Build.0 = Release|Any CPU
		{B627A976-7450-4BDA-BDC3-A81FC679B3E8}.Ad-Hoc|iPhone.ActiveCfg = Debug|Any CPU
		{B627A976-7450-4BDA-BDC3-A81FC679B3E8}.Ad-Hoc|iPhone.Build.0 = Debug|Any CPU
		{B627A976-7450-4BDA-BDC3-A81FC679B3E8}.AppStore|iPhone.ActiveCfg = Debug|Any CPU
		{B627A976-7450-4BDA-BDC3-A81FC679B3E8}.AppStore|iPhone.Build.0 = Debug|Any CPU
	EndGlobalSection
EndGlobal
